
Microsoft Visual Studio Solution File, Format Version 12.00
# Visual Studio Version 17
VisualStudioVersion = 17.13.35913.81 d17.13
MinimumVisualStudioVersion = 10.0.40219.1
Project("{FAE04EC0-301F-11D3-BF4B-00C04F79EFBC}") = "FlashcardsAssist.DreamFXX", "FlashcardsAssist.DreamFXX\FlashcardsAssist.DreamFXX.csproj", "{5E20C07B-4618-435B-BA8B-E22140908C79}"
EndProject
Global
	GlobalSection(SolutionConfigurationPlatforms) = preSolution
		Debug|Any CPU = Debug|Any CPU
		Release|Any CPU = Release|Any CPU
	EndGlobalSection
	GlobalSection(ProjectConfigurationPlatforms) = postSolution
		{5E20C07B-4618-435B-BA8B-E22140908C79}.Debug|Any CPU.ActiveCfg = Debug|Any CPU
		{5E20C07B-4618-435B-BA8B-E22140908C79}.Debug|Any CPU.Build.0 = Debug|Any CPU
		{5E20C07B-4618-435B-BA8B-E22140908C79}.Release|Any CPU.ActiveCfg = Release|Any CPU
		{5E20C07B-4618-435B-BA8B-E22140908C79}.Release|Any CPU.Build.0 = Release|Any CPU
	EndGlobalSection
	GlobalSection(SolutionProperties) = preSolution
		HideSolutionNode = FALSE
	EndGlobalSection
	GlobalSection(ExtensibilityGlobals) = postSolution
		SolutionGuid = {62C210ED-65DD-4C27-A248-876C94E7FB57}
	EndGlobalSection
EndGlobal
