Microsoft Visual Studio Solution File, Format Version 12.00
# Visual Studio Version 17
VisualStudioVersion = 17.13.35913.81
MinimumVisualStudioVersion = 10.0.40219.1
Project("{FAE04EC0-301F-11D3-BF4B-00C04F79EFBC}") = "Flashcards", "Flashcards\Flashcards.csproj", "{0DE6684C-829D-44B0-AEF5-F65528F1AE07}"
EndProject
Global
	GlobalSection(SolutionConfigurationPlatforms) = preSolution
		Debug|Any CPU = Debug|Any CPU
		Release|Any CPU = Release|Any CPU
	EndGlobalSection
	GlobalSection(ProjectConfigurationPlatforms) = postSolution
		{0DE6684C-829D-44B0-AEF5-F65528F1AE07}.Debug|Any CPU.ActiveCfg = Debug|Any CPU
		{0DE6684C-829D-44B0-AEF5-F65528F1AE07}.Debug|Any CPU.Build.0 = Debug|Any CPU
		{0DE6684C-829D-44B0-AEF5-F65528F1AE07}.Release|Any CPU.ActiveCfg = Release|Any CPU
		{0DE6684C-829D-44B0-AEF5-F65528F1AE07}.Release|Any CPU.Build.0 = Release|Any CPU
	EndGlobalSection
	GlobalSection(SolutionProperties) = preSolution
		HideSolutionNode = FALSE
	EndGlobalSection
	GlobalSection(ExtensibilityGlobals) = postSolution
		SolutionGuid = {5A0C698D-04AE-48F5-A86C-7E44BEA1A5A2}
	EndGlobalSection
EndGlobal
