
Microsoft Visual Studio Solution File, Format Version 12.00
# Visual Studio Version 17
VisualStudioVersion = 17.7.34003.232
MinimumVisualStudioVersion = 10.0.40219.1
Project("{FAE04EC0-301F-11D3-BF4B-00C04F79EFBC}") = "Flashcards", "Flashcards\Flashcards.csproj", "{AA02BECA-DF9D-4826-BFF8-EBD2BADCE2E2}"
EndProject
Global
	GlobalSection(SolutionConfigurationPlatforms) = preSolution
		Debug|Any CPU = Debug|Any CPU
		Release|Any CPU = Release|Any CPU
	EndGlobalSection
	GlobalSection(ProjectConfigurationPlatforms) = postSolution
		{AA02BECA-DF9D-4826-BFF8-EBD2BADCE2E2}.Debug|Any CPU.ActiveCfg = Debug|Any CPU
		{AA02BECA-DF9D-4826-BFF8-EBD2BADCE2E2}.Debug|Any CPU.Build.0 = Debug|Any CPU
		{AA02BECA-DF9D-4826-BFF8-EBD2BADCE2E2}.Release|Any CPU.ActiveCfg = Release|Any CPU
		{AA02BECA-DF9D-4826-BFF8-EBD2BADCE2E2}.Release|Any CPU.Build.0 = Release|Any CPU
	EndGlobalSection
	GlobalSection(SolutionProperties) = preSolution
		HideSolutionNode = FALSE
	EndGlobalSection
	GlobalSection(ExtensibilityGlobals) = postSolution
		SolutionGuid = {FEC71B7D-438E-412F-A46F-0098F801A31E}
	EndGlobalSection
EndGlobal
