
Microsoft Visual Studio Solution File, Format Version 12.00
# Visual Studio Version 16
VisualStudioVersion = 16.0.33027.164
MinimumVisualStudioVersion = 10.0.40219.1
Project("{FAE04EC0-301F-11D3-BF4B-00C04F79EFBC}") = "Flashcards", "Flashcards\Flashcards.csproj", "{736070EB-553B-4B24-8352-8ABBB43D3EF3}"
EndProject
Global
	GlobalSection(SolutionConfigurationPlatforms) = preSolution
		Debug|Any CPU = Debug|Any CPU
		Release|Any CPU = Release|Any CPU
	EndGlobalSection
	GlobalSection(ProjectConfigurationPlatforms) = postSolution
		{736070EB-553B-4B24-8352-8ABBB43D3EF3}.Debug|Any CPU.ActiveCfg = Debug|Any CPU
		{736070EB-553B-4B24-8352-8ABBB43D3EF3}.Debug|Any CPU.Build.0 = Debug|Any CPU
		{736070EB-553B-4B24-8352-8ABBB43D3EF3}.Release|Any CPU.ActiveCfg = Release|Any CPU
		{736070EB-553B-4B24-8352-8ABBB43D3EF3}.Release|Any CPU.Build.0 = Release|Any CPU
	EndGlobalSection
	GlobalSection(SolutionProperties) = preSolution
		HideSolutionNode = FALSE
	EndGlobalSection
	GlobalSection(ExtensibilityGlobals) = postSolution
		SolutionGuid = {1D49BF7A-6C66-4449-B8EB-9A82890A5E6C}
	EndGlobalSection
EndGlobal
