
Microsoft Visual Studio Solution File, Format Version 12.00
Project("{FAE04EC0-301F-11D3-BF4B-00C04F79EFBC}") = "Flashcards.kalsson", "Flashcards.kalsson\Flashcards.kalsson.csproj", "{7263632E-93D4-41A2-8521-1B75C598305C}"
EndProject
Global
	GlobalSection(SolutionConfigurationPlatforms) = preSolution
		Debug|Any CPU = Debug|Any CPU
		Release|Any CPU = Release|Any CPU
	EndGlobalSection
	GlobalSection(ProjectConfigurationPlatforms) = postSolution
		{7263632E-93D4-41A2-8521-1B75C598305C}.Debug|Any CPU.ActiveCfg = Debug|Any CPU
		{7263632E-93D4-41A2-8521-1B75C598305C}.Debug|Any CPU.Build.0 = Debug|Any CPU
		{7263632E-93D4-41A2-8521-1B75C598305C}.Release|Any CPU.ActiveCfg = Release|Any CPU
		{7263632E-93D4-41A2-8521-1B75C598305C}.Release|Any CPU.Build.0 = Release|Any CPU
	EndGlobalSection
EndGlobal
