Microsoft Visual Studio Solution File, Format Version 12.00
# Visual Studio Version 17
VisualStudioVersion = 17.5.2.0
MinimumVisualStudioVersion = 10.0.40219.1
Project("{FAE04EC0-301F-11D3-BF4B-00C04F79EFBC}") = "FlashcardsAssist.DreamFXX", "FlashcardsAssist.DreamFXX.csproj", "{6FFC49FF-1C36-0D6A-3DD7-2F062F90DA2F}"
EndProject
Global
	GlobalSection(SolutionConfigurationPlatforms) = preSolution
		Debug|Any CPU = Debug|Any CPU
		Release|Any CPU = Release|Any CPU
	EndGlobalSection
	GlobalSection(ProjectConfigurationPlatforms) = postSolution
		{6FFC49FF-1C36-0D6A-3DD7-2F062F90DA2F}.Debug|Any CPU.ActiveCfg = Debug|Any CPU
		{6FFC49FF-1C36-0D6A-3DD7-2F062F90DA2F}.Debug|Any CPU.Build.0 = Debug|Any CPU
		{6FFC49FF-1C36-0D6A-3DD7-2F062F90DA2F}.Release|Any CPU.ActiveCfg = Release|Any CPU
		{6FFC49FF-1C36-0D6A-3DD7-2F062F90DA2F}.Release|Any CPU.Build.0 = Release|Any CPU
	EndGlobalSection
	GlobalSection(SolutionProperties) = preSolution
		HideSolutionNode = FALSE
	EndGlobalSection
	GlobalSection(ExtensibilityGlobals) = postSolution
		SolutionGuid = {3DE1380C-E7F7-43FD-9720-D411D5485A54}
	EndGlobalSection
EndGlobal
