
Microsoft Visual Studio Solution File, Format Version 12.00
# Visual Studio Version 17
VisualStudioVersion = 17.5.002.0
MinimumVisualStudioVersion = 10.0.40219.1
Project("{9A19103F-16F7-4668-BE54-9A1E7A4F7556}") = "Flashcards.KamilKolanowski", "Flashcards.KamilKolanowski\Flashcards.KamilKolanowski.csproj", "{21443E24-1AFC-4314-AE6A-68548C659A64}"
EndProject
Global
	GlobalSection(SolutionConfigurationPlatforms) = preSolution
		Debug|Any CPU = Debug|Any CPU
		Release|Any CPU = Release|Any CPU
	EndGlobalSection
	GlobalSection(ProjectConfigurationPlatforms) = postSolution
		{21443E24-1AFC-4314-AE6A-68548C659A64}.Debug|Any CPU.ActiveCfg = Debug|Any CPU
		{21443E24-1AFC-4314-AE6A-68548C659A64}.Debug|Any CPU.Build.0 = Debug|Any CPU
		{21443E24-1AFC-4314-AE6A-68548C659A64}.Release|Any CPU.ActiveCfg = Release|Any CPU
		{21443E24-1AFC-4314-AE6A-68548C659A64}.Release|Any CPU.Build.0 = Release|Any CPU
	EndGlobalSection
	GlobalSection(SolutionProperties) = preSolution
		HideSolutionNode = FALSE
	EndGlobalSection
	GlobalSection(ExtensibilityGlobals) = postSolution
		SolutionGuid = {88749168-B522-4089-9CD9-A209218FB3A7}
	EndGlobalSection
EndGlobal
