
Microsoft Visual Studio Solution File, Format Version 12.00
# Visual Studio Version 17
VisualStudioVersion = 17.8.34525.116
MinimumVisualStudioVersion = 10.0.40219.1
Project("{FAE04EC0-301F-11D3-BF4B-00C04F79EFBC}") = "Buutyful.FlashCards", "Buutyful.FlashCards\Buutyful.FlashCards.csproj", "{185F1AB9-124D-4D00-89C8-AA0F4022722F}"
EndProject
Global
	GlobalSection(SolutionConfigurationPlatforms) = preSolution
		Debug|Any CPU = Debug|Any CPU
		Release|Any CPU = Release|Any CPU
	EndGlobalSection
	GlobalSection(ProjectConfigurationPlatforms) = postSolution
		{185F1AB9-124D-4D00-89C8-AA0F4022722F}.Debug|Any CPU.ActiveCfg = Debug|Any CPU
		{185F1AB9-124D-4D00-89C8-AA0F4022722F}.Debug|Any CPU.Build.0 = Debug|Any CPU
		{185F1AB9-124D-4D00-89C8-AA0F4022722F}.Release|Any CPU.ActiveCfg = Release|Any CPU
		{185F1AB9-124D-4D00-89C8-AA0F4022722F}.Release|Any CPU.Build.0 = Release|Any CPU
	EndGlobalSection
	GlobalSection(SolutionProperties) = preSolution
		HideSolutionNode = FALSE
	EndGlobalSection
	GlobalSection(ExtensibilityGlobals) = postSolution
		SolutionGuid = {5C5CBE45-16C4-4BEE-A6B4-F924F06B5112}
	EndGlobalSection
EndGlobal
