
Microsoft Visual Studio Solution File, Format Version 12.00
# Visual Studio Version 17
VisualStudioVersion = 17.6.33829.357
MinimumVisualStudioVersion = 10.0.40219.1
Project("{9A19103F-16F7-4668-BE54-9A1E7A4F7556}") = "FlashCardsUI", "FlashCards\FlashCardsUI.csproj", "{F35BD0B7-E772-4AFB-89C3-79E377E68408}"
EndProject
Project("{9A19103F-16F7-4668-BE54-9A1E7A4F7556}") = "DataAccessLibrary", "DataAccessLibrary\DataAccessLibrary.csproj", "{C46FF137-6108-4414-B12D-0C215430588B}"
EndProject
Global
	GlobalSection(SolutionConfigurationPlatforms) = preSolution
		Debug|Any CPU = Debug|Any CPU
		Release|Any CPU = Release|Any CPU
	EndGlobalSection
	GlobalSection(ProjectConfigurationPlatforms) = postSolution
		{F35BD0B7-E772-4AFB-89C3-79E377E68408}.Debug|Any CPU.ActiveCfg = Debug|Any CPU
		{F35BD0B7-E772-4AFB-89C3-79E377E68408}.Debug|Any CPU.Build.0 = Debug|Any CPU
		{F35BD0B7-E772-4AFB-89C3-79E377E68408}.Release|Any CPU.ActiveCfg = Release|Any CPU
		{F35BD0B7-E772-4AFB-89C3-79E377E68408}.Release|Any CPU.Build.0 = Release|Any CPU
		{C46FF137-6108-4414-B12D-0C215430588B}.Debug|Any CPU.ActiveCfg = Debug|Any CPU
		{C46FF137-6108-4414-B12D-0C215430588B}.Debug|Any CPU.Build.0 = Debug|Any CPU
		{C46FF137-6108-4414-B12D-0C215430588B}.Release|Any CPU.ActiveCfg = Release|Any CPU
		{C46FF137-6108-4414-B12D-0C215430588B}.Release|Any CPU.Build.0 = Release|Any CPU
	EndGlobalSection
	GlobalSection(SolutionProperties) = preSolution
		HideSolutionNode = FALSE
	EndGlobalSection
	GlobalSection(ExtensibilityGlobals) = postSolution
		SolutionGuid = {43EDB34B-9DDF-4891-82BE-EE42F171C1CE}
	EndGlobalSection
EndGlobal
