
Microsoft Visual Studio Solution File, Format Version 12.00
# Visual Studio Version 17
VisualStudioVersion = 17.7.34031.279
MinimumVisualStudioVersion = 10.0.40219.1
Project("{FAE04EC0-301F-11D3-BF4B-00C04F79EFBC}") = "Flashcards.K-MYR", "Flashcards.K-MYR\Flashcards.K-MYR.csproj", "{0B8A34FA-37D6-4E5B-8FD7-7F19FB88DE59}"
EndProject
Global
	GlobalSection(SolutionConfigurationPlatforms) = preSolution
		Debug|Any CPU = Debug|Any CPU
		Release|Any CPU = Release|Any CPU
	EndGlobalSection
	GlobalSection(ProjectConfigurationPlatforms) = postSolution
		{0B8A34FA-37D6-4E5B-8FD7-7F19FB88DE59}.Debug|Any CPU.ActiveCfg = Debug|Any CPU
		{0B8A34FA-37D6-4E5B-8FD7-7F19FB88DE59}.Debug|Any CPU.Build.0 = Debug|Any CPU
		{0B8A34FA-37D6-4E5B-8FD7-7F19FB88DE59}.Release|Any CPU.ActiveCfg = Release|Any CPU
		{0B8A34FA-37D6-4E5B-8FD7-7F19FB88DE59}.Release|Any CPU.Build.0 = Release|Any CPU
	EndGlobalSection
	GlobalSection(SolutionProperties) = preSolution
		HideSolutionNode = FALSE
	EndGlobalSection
	GlobalSection(ExtensibilityGlobals) = postSolution
		SolutionGuid = {89C729C1-EA30-4890-9904-E7759FEAA9AE}
	EndGlobalSection
EndGlobal
