
Microsoft Visual Studio Solution File, Format Version 12.00
# Visual Studio Version 17
VisualStudioVersion = 17.8.34601.278
MinimumVisualStudioVersion = 10.0.40219.1
Project("{FAE04EC0-301F-11D3-BF4B-00C04F79EFBC}") = "Flashcards.Dejmenek", "Flashcards.Dejmenek.csproj", "{C2703E5D-3B30-4D56-8D28-9C82CBFCE5C8}"
EndProject
Global
	GlobalSection(SolutionConfigurationPlatforms) = preSolution
		Debug|Any CPU = Debug|Any CPU
		Release|Any CPU = Release|Any CPU
	EndGlobalSection
	GlobalSection(ProjectConfigurationPlatforms) = postSolution
		{C2703E5D-3B30-4D56-8D28-9C82CBFCE5C8}.Debug|Any CPU.ActiveCfg = Debug|Any CPU
		{C2703E5D-3B30-4D56-8D28-9C82CBFCE5C8}.Debug|Any CPU.Build.0 = Debug|Any CPU
		{C2703E5D-3B30-4D56-8D28-9C82CBFCE5C8}.Release|Any CPU.ActiveCfg = Release|Any CPU
		{C2703E5D-3B30-4D56-8D28-9C82CBFCE5C8}.Release|Any CPU.Build.0 = Release|Any CPU
	EndGlobalSection
	GlobalSection(SolutionProperties) = preSolution
		HideSolutionNode = FALSE
	EndGlobalSection
	GlobalSection(ExtensibilityGlobals) = postSolution
		SolutionGuid = {60190070-779A-46D7-A034-E4C19192500E}
	EndGlobalSection
EndGlobal
