
Microsoft Visual Studio Solution File, Format Version 12.00
# Visual Studio Version 16
VisualStudioVersion = 25.0.1706.0
MinimumVisualStudioVersion = 10.0.40219.1
Project("{FAE04EC0-301F-11D3-BF4B-00C04F79EFBC}") = "Flashcards.MartinL-no", "Flashcards.MartinL-no\Flashcards.MartinL-no.csproj", "{81215991-A01F-4326-ACC2-ACBCCFA24075}"
EndProject
Global
	GlobalSection(SolutionConfigurationPlatforms) = preSolution
		Debug|Any CPU = Debug|Any CPU
		Release|Any CPU = Release|Any CPU
	EndGlobalSection
	GlobalSection(ProjectConfigurationPlatforms) = postSolution
		{81215991-A01F-4326-ACC2-ACBCCFA24075}.Debug|Any CPU.ActiveCfg = Debug|Any CPU
		{81215991-A01F-4326-ACC2-ACBCCFA24075}.Debug|Any CPU.Build.0 = Debug|Any CPU
		{81215991-A01F-4326-ACC2-ACBCCFA24075}.Release|Any CPU.ActiveCfg = Release|Any CPU
		{81215991-A01F-4326-ACC2-ACBCCFA24075}.Release|Any CPU.Build.0 = Release|Any CPU
	EndGlobalSection
	GlobalSection(SolutionProperties) = preSolution
		HideSolutionNode = FALSE
	EndGlobalSection
	GlobalSection(ExtensibilityGlobals) = postSolution
		SolutionGuid = {87CD9013-BFD0-447C-8469-4AED15E7C133}
	EndGlobalSection
EndGlobal
