
Microsoft Visual Studio Solution File, Format Version 12.00
# Visual Studio Version 17
VisualStudioVersion = 17.10.35004.147
MinimumVisualStudioVersion = 10.0.40219.1
Project("{FAE04EC0-301F-11D3-BF4B-00C04F79EFBC}") = "kAntonelli22.Flashcards", "kAntonelli22.Flashcards.csproj", "{005873FD-DF50-4B9E-AC5E-72D1EE88327F}"
EndProject
Global
	GlobalSection(SolutionConfigurationPlatforms) = preSolution
		Debug|Any CPU = Debug|Any CPU
		Release|Any CPU = Release|Any CPU
	EndGlobalSection
	GlobalSection(ProjectConfigurationPlatforms) = postSolution
		{005873FD-DF50-4B9E-AC5E-72D1EE88327F}.Debug|Any CPU.ActiveCfg = Debug|Any CPU
		{005873FD-DF50-4B9E-AC5E-72D1EE88327F}.Debug|Any CPU.Build.0 = Debug|Any CPU
		{005873FD-DF50-4B9E-AC5E-72D1EE88327F}.Release|Any CPU.ActiveCfg = Release|Any CPU
		{005873FD-DF50-4B9E-AC5E-72D1EE88327F}.Release|Any CPU.Build.0 = Release|Any CPU
	EndGlobalSection
	GlobalSection(SolutionProperties) = preSolution
		HideSolutionNode = FALSE
	EndGlobalSection
	GlobalSection(ExtensibilityGlobals) = postSolution
		SolutionGuid = {11F320D7-E541-4716-9399-57EEBFC772A0}
	EndGlobalSection
EndGlobal
