
Microsoft Visual Studio Solution File, Format Version 12.00
# Visual Studio Version 17
VisualStudioVersion = 17.14.36127.28 d17.14
MinimumVisualStudioVersion = 10.0.40219.1
Project("{FAE04EC0-301F-11D3-BF4B-00C04F79EFBC}") = "FlashCard.SheheryarRaza", "FlashCard.SheheryarRaza.csproj", "{4940BAC9-4738-405F-80B1-846B8ABA9A17}"
EndProject
Global
	GlobalSection(SolutionConfigurationPlatforms) = preSolution
		Debug|Any CPU = Debug|Any CPU
		Release|Any CPU = Release|Any CPU
	EndGlobalSection
	GlobalSection(ProjectConfigurationPlatforms) = postSolution
		{4940BAC9-4738-405F-80B1-846B8ABA9A17}.Debug|Any CPU.ActiveCfg = Debug|Any CPU
		{4940BAC9-4738-405F-80B1-846B8ABA9A17}.Debug|Any CPU.Build.0 = Debug|Any CPU
		{4940BAC9-4738-405F-80B1-846B8ABA9A17}.Release|Any CPU.ActiveCfg = Release|Any CPU
		{4940BAC9-4738-405F-80B1-846B8ABA9A17}.Release|Any CPU.Build.0 = Release|Any CPU
	EndGlobalSection
	GlobalSection(SolutionProperties) = preSolution
		HideSolutionNode = FALSE
	EndGlobalSection
	GlobalSection(ExtensibilityGlobals) = postSolution
		SolutionGuid = {CFD89FA9-A8CC-405B-8B85-B09A31C9D5C2}
	EndGlobalSection
EndGlobal
