
Microsoft Visual Studio Solution File, Format Version 12.00
# Visual Studio Version 17
VisualStudioVersion = 17.8.34601.278
MinimumVisualStudioVersion = 10.0.40219.1
Project("{FAE04EC0-301F-11D3-BF4B-00C04F79EFBC}") = "FlashardsUI", "FlashardsUI\FlashardsUI.csproj", "{EE53A4CE-647E-44D3-AE81-7C9F469F3071}"
EndProject
Project("{FAE04EC0-301F-11D3-BF4B-00C04F79EFBC}") = "FlashcardsLibrary", "FlashcardsLibrary\FlashcardsLibrary.csproj", "{61F390F4-C2D4-4B66-9262-D6B94E235114}"
EndProject
Global
	GlobalSection(SolutionConfigurationPlatforms) = preSolution
		Debug|Any CPU = Debug|Any CPU
		Release|Any CPU = Release|Any CPU
	EndGlobalSection
	GlobalSection(ProjectConfigurationPlatforms) = postSolution
		{EE53A4CE-647E-44D3-AE81-7C9F469F3071}.Debug|Any CPU.ActiveCfg = Debug|Any CPU
		{EE53A4CE-647E-44D3-AE81-7C9F469F3071}.Debug|Any CPU.Build.0 = Debug|Any CPU
		{EE53A4CE-647E-44D3-AE81-7C9F469F3071}.Release|Any CPU.ActiveCfg = Release|Any CPU
		{EE53A4CE-647E-44D3-AE81-7C9F469F3071}.Release|Any CPU.Build.0 = Release|Any CPU
		{61F390F4-C2D4-4B66-9262-D6B94E235114}.Debug|Any CPU.ActiveCfg = Debug|Any CPU
		{61F390F4-C2D4-4B66-9262-D6B94E235114}.Debug|Any CPU.Build.0 = Debug|Any CPU
		{61F390F4-C2D4-4B66-9262-D6B94E235114}.Release|Any CPU.ActiveCfg = Release|Any CPU
		{61F390F4-C2D4-4B66-9262-D6B94E235114}.Release|Any CPU.Build.0 = Release|Any CPU
	EndGlobalSection
	GlobalSection(SolutionProperties) = preSolution
		HideSolutionNode = FALSE
	EndGlobalSection
	GlobalSection(ExtensibilityGlobals) = postSolution
		SolutionGuid = {56081515-A45D-4AE7-9937-44501C7CDEC7}
	EndGlobalSection
EndGlobal
