
Microsoft Visual Studio Solution File, Format Version 12.00
# Visual Studio Version 17
VisualStudioVersion = 17.11.35303.130
MinimumVisualStudioVersion = 10.0.40219.1
Project("{FAE04EC0-301F-11D3-BF4B-00C04F79EFBC}") = "cacheMe512.Flashcards", "cacheMe512.Flashcards\cacheMe512.Flashcards.csproj", "{386E5A12-C667-4A1C-AF0C-D9398B741C6A}"
EndProject
Global
	GlobalSection(SolutionConfigurationPlatforms) = preSolution
		Debug|Any CPU = Debug|Any CPU
		Release|Any CPU = Release|Any CPU
	EndGlobalSection
	GlobalSection(ProjectConfigurationPlatforms) = postSolution
		{386E5A12-C667-4A1C-AF0C-D9398B741C6A}.Debug|Any CPU.ActiveCfg = Debug|Any CPU
		{386E5A12-C667-4A1C-AF0C-D9398B741C6A}.Debug|Any CPU.Build.0 = Debug|Any CPU
		{386E5A12-C667-4A1C-AF0C-D9398B741C6A}.Release|Any CPU.ActiveCfg = Release|Any CPU
		{386E5A12-C667-4A1C-AF0C-D9398B741C6A}.Release|Any CPU.Build.0 = Release|Any CPU
	EndGlobalSection
	GlobalSection(SolutionProperties) = preSolution
		HideSolutionNode = FALSE
	EndGlobalSection
	GlobalSection(ExtensibilityGlobals) = postSolution
		SolutionGuid = {C1E6F678-B97A-4459-BEF2-88C6E1BC7112}
	EndGlobalSection
EndGlobal
