
Microsoft Visual Studio Solution File, Format Version 12.00
# Visual Studio Version 17
VisualStudioVersion = 17.12.35707.178 d17.12
MinimumVisualStudioVersion = 10.0.40219.1
Project("{FAE04EC0-301F-11D3-BF4B-00C04F79EFBC}") = "Flashcards.Dreamfxx", "Flashcards.Dreamfxx\Flashcards.Dreamfxx.csproj", "{1C0011D1-8C8F-4376-8EF2-FA69C21CAF68}"
EndProject
Global
	GlobalSection(SolutionConfigurationPlatforms) = preSolution
		Debug|Any CPU = Debug|Any CPU
		Release|Any CPU = Release|Any CPU
	EndGlobalSection
	GlobalSection(ProjectConfigurationPlatforms) = postSolution
		{1C0011D1-8C8F-4376-8EF2-FA69C21CAF68}.Debug|Any CPU.ActiveCfg = Debug|Any CPU
		{1C0011D1-8C8F-4376-8EF2-FA69C21CAF68}.Debug|Any CPU.Build.0 = Debug|Any CPU
		{1C0011D1-8C8F-4376-8EF2-FA69C21CAF68}.Release|Any CPU.ActiveCfg = Release|Any CPU
		{1C0011D1-8C8F-4376-8EF2-FA69C21CAF68}.Release|Any CPU.Build.0 = Release|Any CPU
	EndGlobalSection
	GlobalSection(SolutionProperties) = preSolution
		HideSolutionNode = FALSE
	EndGlobalSection
EndGlobal
