Microsoft Visual Studio Solution File, Format Version 12.00
# Visual Studio Version 17
VisualStudioVersion = 17.13.35919.96
MinimumVisualStudioVersion = 10.0.40219.1
Project("{FAE04EC0-301F-11D3-BF4B-00C04F79EFBC}") = "Flashcards", "Flashcards.csproj", "{279A8EB4-8A12-4A88-94C4-178B0473D4BE}"
EndProject
Global
	GlobalSection(SolutionConfigurationPlatforms) = preSolution
		Debug|Any CPU = Debug|Any CPU
		Release|Any CPU = Release|Any CPU
	EndGlobalSection
	GlobalSection(ProjectConfigurationPlatforms) = postSolution
		{279A8EB4-8A12-4A88-94C4-178B0473D4BE}.Debug|Any CPU.ActiveCfg = Debug|Any CPU
		{279A8EB4-8A12-4A88-94C4-178B0473D4BE}.Debug|Any CPU.Build.0 = Debug|Any CPU
		{279A8EB4-8A12-4A88-94C4-178B0473D4BE}.Release|Any CPU.ActiveCfg = Release|Any CPU
		{279A8EB4-8A12-4A88-94C4-178B0473D4BE}.Release|Any CPU.Build.0 = Release|Any CPU
	EndGlobalSection
	GlobalSection(SolutionProperties) = preSolution
		HideSolutionNode = FALSE
	EndGlobalSection
	GlobalSection(ExtensibilityGlobals) = postSolution
		SolutionGuid = {FF6580BD-EC73-4550-B80B-8FF72B87F452}
	EndGlobalSection
EndGlobal
