
Microsoft Visual Studio Solution File, Format Version 12.00
# Visual Studio Version 17
VisualStudioVersion = 17.8.34525.116
MinimumVisualStudioVersion = 10.0.40219.1
Project("{FAE04EC0-301F-11D3-BF4B-00C04F79EFBC}") = "Flashcards", "Flashcards.csproj", "{983E3F56-17F5-4767-8706-60EBEE0E71EC}"
EndProject
Global
	GlobalSection(SolutionConfigurationPlatforms) = preSolution
		Debug|Any CPU = Debug|Any CPU
		Release|Any CPU = Release|Any CPU
	EndGlobalSection
	GlobalSection(ProjectConfigurationPlatforms) = postSolution
		{983E3F56-17F5-4767-8706-60EBEE0E71EC}.Debug|Any CPU.ActiveCfg = Debug|Any CPU
		{983E3F56-17F5-4767-8706-60EBEE0E71EC}.Debug|Any CPU.Build.0 = Debug|Any CPU
		{983E3F56-17F5-4767-8706-60EBEE0E71EC}.Release|Any CPU.ActiveCfg = Release|Any CPU
		{983E3F56-17F5-4767-8706-60EBEE0E71EC}.Release|Any CPU.Build.0 = Release|Any CPU
	EndGlobalSection
	GlobalSection(SolutionProperties) = preSolution
		HideSolutionNode = FALSE
	EndGlobalSection
	GlobalSection(ExtensibilityGlobals) = postSolution
		SolutionGuid = {5240BAAE-4893-4DA6-AE3C-72EE666834BE}
	EndGlobalSection
EndGlobal
