
Microsoft Visual Studio Solution File, Format Version 12.00
# Visual Studio Version 17
VisualStudioVersion = 17.11.35327.3
MinimumVisualStudioVersion = 10.0.40219.1
Project("{9A19103F-16F7-4668-BE54-9A1E7A4F7556}") = "FlashCards", "FlashCards\FlashCards.csproj", "{6DA51E68-19BE-4B46-BDB5-44AF264F31B8}"
EndProject
Project("{9A19103F-16F7-4668-BE54-9A1E7A4F7556}") = "FlashCardsLibrary", "FlashCardsLibrary\FlashCardsLibrary.csproj", "{527404AF-16A2-4106-B35B-B36C355C77AF}"
EndProject
Global
	GlobalSection(SolutionConfigurationPlatforms) = preSolution
		Debug|Any CPU = Debug|Any CPU
		Release|Any CPU = Release|Any CPU
	EndGlobalSection
	GlobalSection(ProjectConfigurationPlatforms) = postSolution
		{6DA51E68-19BE-4B46-BDB5-44AF264F31B8}.Debug|Any CPU.ActiveCfg = Debug|Any CPU
		{6DA51E68-19BE-4B46-BDB5-44AF264F31B8}.Debug|Any CPU.Build.0 = Debug|Any CPU
		{6DA51E68-19BE-4B46-BDB5-44AF264F31B8}.Release|Any CPU.ActiveCfg = Release|Any CPU
		{6DA51E68-19BE-4B46-BDB5-44AF264F31B8}.Release|Any CPU.Build.0 = Release|Any CPU
		{527404AF-16A2-4106-B35B-B36C355C77AF}.Debug|Any CPU.ActiveCfg = Debug|Any CPU
		{527404AF-16A2-4106-B35B-B36C355C77AF}.Debug|Any CPU.Build.0 = Debug|Any CPU
		{527404AF-16A2-4106-B35B-B36C355C77AF}.Release|Any CPU.ActiveCfg = Release|Any CPU
		{527404AF-16A2-4106-B35B-B36C355C77AF}.Release|Any CPU.Build.0 = Release|Any CPU
	EndGlobalSection
	GlobalSection(SolutionProperties) = preSolution
		HideSolutionNode = FALSE
	EndGlobalSection
	GlobalSection(ExtensibilityGlobals) = postSolution
		SolutionGuid = {30A5602B-38D6-4459-865B-EB86D6D360CB}
	EndGlobalSection
EndGlobal
