
Microsoft Visual Studio Solution File, Format Version 12.00
# Visual Studio Version 17
VisualStudioVersion = 17.9.34723.18
MinimumVisualStudioVersion = 10.0.40219.1
Project("{FAE04EC0-301F-11D3-BF4B-00C04F79EFBC}") = "Flashcards", "Flashcards\Flashcards.csproj", "{68D47A0A-DA6B-4D86-AF66-1025253CE670}"
EndProject
Global
	GlobalSection(SolutionConfigurationPlatforms) = preSolution
		Debug|Any CPU = Debug|Any CPU
		Release|Any CPU = Release|Any CPU
	EndGlobalSection
	GlobalSection(ProjectConfigurationPlatforms) = postSolution
		{68D47A0A-DA6B-4D86-AF66-1025253CE670}.Debug|Any CPU.ActiveCfg = Debug|Any CPU
		{68D47A0A-DA6B-4D86-AF66-1025253CE670}.Debug|Any CPU.Build.0 = Debug|Any CPU
		{68D47A0A-DA6B-4D86-AF66-1025253CE670}.Release|Any CPU.ActiveCfg = Release|Any CPU
		{68D47A0A-DA6B-4D86-AF66-1025253CE670}.Release|Any CPU.Build.0 = Release|Any CPU
	EndGlobalSection
	GlobalSection(SolutionProperties) = preSolution
		HideSolutionNode = FALSE
	EndGlobalSection
	GlobalSection(ExtensibilityGlobals) = postSolution
		SolutionGuid = {4702B8D8-71E8-4247-BA29-FC86D790A658}
	EndGlobalSection
EndGlobal
