
Microsoft Visual Studio Solution File, Format Version 12.00
# Visual Studio Version 17
VisualStudioVersion = 17.10.34928.147
MinimumVisualStudioVersion = 10.0.40219.1
Project("{9A19103F-16F7-4668-BE54-9A1E7A4F7556}") = "Flashcards.gafoorraees", "Flashcards\Flashcards.gafoorraees.csproj", "{53D68BE0-2E13-4C4A-BA16-2AE26D14462A}"
EndProject
Global
	GlobalSection(SolutionConfigurationPlatforms) = preSolution
		Debug|Any CPU = Debug|Any CPU
		Release|Any CPU = Release|Any CPU
	EndGlobalSection
	GlobalSection(ProjectConfigurationPlatforms) = postSolution
		{53D68BE0-2E13-4C4A-BA16-2AE26D14462A}.Debug|Any CPU.ActiveCfg = Debug|Any CPU
		{53D68BE0-2E13-4C4A-BA16-2AE26D14462A}.Debug|Any CPU.Build.0 = Debug|Any CPU
		{53D68BE0-2E13-4C4A-BA16-2AE26D14462A}.Release|Any CPU.ActiveCfg = Release|Any CPU
		{53D68BE0-2E13-4C4A-BA16-2AE26D14462A}.Release|Any CPU.Build.0 = Release|Any CPU
	EndGlobalSection
	GlobalSection(SolutionProperties) = preSolution
		HideSolutionNode = FALSE
	EndGlobalSection
	GlobalSection(ExtensibilityGlobals) = postSolution
		SolutionGuid = {6511D562-FA43-4735-A51D-A54446226FFE}
	EndGlobalSection
EndGlobal
