
Microsoft Visual Studio Solution File, Format Version 12.00
# Visual Studio Version 17
VisualStudioVersion = 17.9.34616.47
MinimumVisualStudioVersion = 10.0.40219.1
Project("{9A19103F-16F7-4668-BE54-9A1E7A4F7556}") = "AdityaFlashCards", "AdityaFlashCards\AdityaFlashCards.csproj", "{7C649679-97EC-4586-9973-7FC36FDB380F}"
EndProject
Project("{9A19103F-16F7-4668-BE54-9A1E7A4F7556}") = "AdityaFlashCards.Database", "AdityaFlashCards.Database\AdityaFlashCards.Database.csproj", "{FB9BDDE6-64CE-4C71-8BDE-75FCC1D28C74}"
EndProject
Project("{2150E333-8FDC-42A3-9474-1A3956D46DE8}") = "Solution Items", "Solution Items", "{6DB232A7-291C-4683-9533-A1CA63C1C94D}"
	ProjectSection(SolutionItems) = preProject
		ToDo.txt = ToDo.txt
	EndProjectSection
EndProject
Global
	GlobalSection(SolutionConfigurationPlatforms) = preSolution
		Debug|Any CPU = Debug|Any CPU
		Release|Any CPU = Release|Any CPU
	EndGlobalSection
	GlobalSection(ProjectConfigurationPlatforms) = postSolution
		{7C649679-97EC-4586-9973-7FC36FDB380F}.Debug|Any CPU.ActiveCfg = Debug|Any CPU
		{7C649679-97EC-4586-9973-7FC36FDB380F}.Debug|Any CPU.Build.0 = Debug|Any CPU
		{7C649679-97EC-4586-9973-7FC36FDB380F}.Release|Any CPU.ActiveCfg = Release|Any CPU
		{7C649679-97EC-4586-9973-7FC36FDB380F}.Release|Any CPU.Build.0 = Release|Any CPU
		{FB9BDDE6-64CE-4C71-8BDE-75FCC1D28C74}.Debug|Any CPU.ActiveCfg = Debug|Any CPU
		{FB9BDDE6-64CE-4C71-8BDE-75FCC1D28C74}.Debug|Any CPU.Build.0 = Debug|Any CPU
		{FB9BDDE6-64CE-4C71-8BDE-75FCC1D28C74}.Release|Any CPU.ActiveCfg = Release|Any CPU
		{FB9BDDE6-64CE-4C71-8BDE-75FCC1D28C74}.Release|Any CPU.Build.0 = Release|Any CPU
	EndGlobalSection
	GlobalSection(SolutionProperties) = preSolution
		HideSolutionNode = FALSE
	EndGlobalSection
	GlobalSection(ExtensibilityGlobals) = postSolution
		SolutionGuid = {DB1791D5-D28D-496E-92FC-A779FC8B6CBC}
	EndGlobalSection
EndGlobal
