
Microsoft Visual Studio Solution File, Format Version 12.00
# Visual Studio Version 17
VisualStudioVersion = 17.0.31903.59
MinimumVisualStudioVersion = 10.0.40219.1
Project("{9A19103F-16F7-4668-BE54-9A1E7A4F7556}") = "Kolejarz.Flashcards.ConsoleRunner", "Kolejarz.Flashcards.ConsoleRunner\Kolejarz.Flashcards.ConsoleRunner.csproj", "{B25E6361-6027-4574-99D0-45D8A099CBF6}"
EndProject
Project("{9A19103F-16F7-4668-BE54-9A1E7A4F7556}") = "Kolejarz.Flashcards.Domain", "Kolejarz.Flashcards.Domain\Kolejarz.Flashcards.Domain.csproj", "{E5B0484D-79E6-412F-AD10-C79BD05BA845}"
EndProject
Global
	GlobalSection(SolutionConfigurationPlatforms) = preSolution
		Debug|Any CPU = Debug|Any CPU
		Release|Any CPU = Release|Any CPU
	EndGlobalSection
	GlobalSection(ProjectConfigurationPlatforms) = postSolution
		{B25E6361-6027-4574-99D0-45D8A099CBF6}.Debug|Any CPU.ActiveCfg = Debug|Any CPU
		{B25E6361-6027-4574-99D0-45D8A099CBF6}.Debug|Any CPU.Build.0 = Debug|Any CPU
		{B25E6361-6027-4574-99D0-45D8A099CBF6}.Release|Any CPU.ActiveCfg = Release|Any CPU
		{B25E6361-6027-4574-99D0-45D8A099CBF6}.Release|Any CPU.Build.0 = Release|Any CPU
		{E5B0484D-79E6-412F-AD10-C79BD05BA845}.Debug|Any CPU.ActiveCfg = Debug|Any CPU
		{E5B0484D-79E6-412F-AD10-C79BD05BA845}.Debug|Any CPU.Build.0 = Debug|Any CPU
		{E5B0484D-79E6-412F-AD10-C79BD05BA845}.Release|Any CPU.ActiveCfg = Release|Any CPU
		{E5B0484D-79E6-412F-AD10-C79BD05BA845}.Release|Any CPU.Build.0 = Release|Any CPU
	EndGlobalSection
	GlobalSection(SolutionProperties) = preSolution
		HideSolutionNode = FALSE
	EndGlobalSection
	GlobalSection(ExtensibilityGlobals) = postSolution
		SolutionGuid = {66598D68-F09C-43AA-A270-B8E479E9E14B}
	EndGlobalSection
EndGlobal
