
Microsoft Visual Studio Solution File, Format Version 12.00
# Visual Studio Version 17
VisualStudioVersion = 17.5.33530.505
MinimumVisualStudioVersion = 10.0.40219.1
Project("{9A19103F-16F7-4668-BE54-9A1E7A4F7556}") = "LucianoNicolasArrieta.Flashcards", "LucianoNicolasArrieta.Flashcards\LucianoNicolasArrieta.Flashcards.csproj", "{292E5195-5CFB-4F2B-874D-C87F656B5701}"
EndProject
Global
	GlobalSection(SolutionConfigurationPlatforms) = preSolution
		Debug|Any CPU = Debug|Any CPU
		Release|Any CPU = Release|Any CPU
	EndGlobalSection
	GlobalSection(ProjectConfigurationPlatforms) = postSolution
		{292E5195-5CFB-4F2B-874D-C87F656B5701}.Debug|Any CPU.ActiveCfg = Debug|Any CPU
		{292E5195-5CFB-4F2B-874D-C87F656B5701}.Debug|Any CPU.Build.0 = Debug|Any CPU
		{292E5195-5CFB-4F2B-874D-C87F656B5701}.Release|Any CPU.ActiveCfg = Release|Any CPU
		{292E5195-5CFB-4F2B-874D-C87F656B5701}.Release|Any CPU.Build.0 = Release|Any CPU
	EndGlobalSection
	GlobalSection(SolutionProperties) = preSolution
		HideSolutionNode = FALSE
	EndGlobalSection
	GlobalSection(ExtensibilityGlobals) = postSolution
		SolutionGuid = {9E36C513-4113-4C85-9B10-11EBECAD749F}
	EndGlobalSection
EndGlobal
