
Microsoft Visual Studio Solution File, Format Version 12.00
Project("{FAE04EC0-301F-11D3-BF4B-00C04F79EFBC}") = "Flashcards", "Flashcards\Flashcards.csproj", "{CFF21C93-FD80-4884-A317-ABBCF693C885}"
EndProject
Global
	GlobalSection(SolutionConfigurationPlatforms) = preSolution
		Debug|Any CPU = Debug|Any CPU
		Release|Any CPU = Release|Any CPU
	EndGlobalSection
	GlobalSection(ProjectConfigurationPlatforms) = postSolution
		{CFF21C93-FD80-4884-A317-ABBCF693C885}.Debug|Any CPU.ActiveCfg = Debug|Any CPU
		{CFF21C93-FD80-4884-A317-ABBCF693C885}.Debug|Any CPU.Build.0 = Debug|Any CPU
		{CFF21C93-FD80-4884-A317-ABBCF693C885}.Release|Any CPU.ActiveCfg = Release|Any CPU
		{CFF21C93-FD80-4884-A317-ABBCF693C885}.Release|Any CPU.Build.0 = Release|Any CPU
	EndGlobalSection
EndGlobal
