
Microsoft Visual Studio Solution File, Format Version 12.00
# Visual Studio Version 17
VisualStudioVersion = 17.7.34202.233
MinimumVisualStudioVersion = 10.0.40219.1
Project("{9A19103F-16F7-4668-BE54-9A1E7A4F7556}") = "Flashcards", "Flashcards\Flashcards.csproj", "{F672A3E1-A1CB-419B-BBF5-05CFE18A0F58}"
EndProject
Project("{9A19103F-16F7-4668-BE54-9A1E7A4F7556}") = "TCSAHelper", "TCSAHelper\TCSAHelper.csproj", "{5DABB5A1-BBCD-4A53-8DAA-7732EB602940}"
EndProject
Project("{9A19103F-16F7-4668-BE54-9A1E7A4F7556}") = "Flashcards.DataAccess", "Flashcards.DataAccess\Flashcards.DataAccess.csproj", "{28DB84F5-B3B7-4A11-9364-192B59D05734}"
EndProject
Project("{00D1A9C2-B5F0-4AF3-8072-F6C62B433612}") = "FlashcardsSQL", "FlashcardsSQL\FlashcardsSQL.sqlproj", "{32F46AF9-F001-481F-9E64-082C855DBA4C}"
EndProject
Global
	GlobalSection(SolutionConfigurationPlatforms) = preSolution
		Debug|Any CPU = Debug|Any CPU
		Release|Any CPU = Release|Any CPU
	EndGlobalSection
	GlobalSection(ProjectConfigurationPlatforms) = postSolution
		{F672A3E1-A1CB-419B-BBF5-05CFE18A0F58}.Debug|Any CPU.ActiveCfg = Debug|Any CPU
		{F672A3E1-A1CB-419B-BBF5-05CFE18A0F58}.Debug|Any CPU.Build.0 = Debug|Any CPU
		{F672A3E1-A1CB-419B-BBF5-05CFE18A0F58}.Release|Any CPU.ActiveCfg = Release|Any CPU
		{F672A3E1-A1CB-419B-BBF5-05CFE18A0F58}.Release|Any CPU.Build.0 = Release|Any CPU
		{5DABB5A1-BBCD-4A53-8DAA-7732EB602940}.Debug|Any CPU.ActiveCfg = Debug|Any CPU
		{5DABB5A1-BBCD-4A53-8DAA-7732EB602940}.Debug|Any CPU.Build.0 = Debug|Any CPU
		{5DABB5A1-BBCD-4A53-8DAA-7732EB602940}.Release|Any CPU.ActiveCfg = Release|Any CPU
		{5DABB5A1-BBCD-4A53-8DAA-7732EB602940}.Release|Any CPU.Build.0 = Release|Any CPU
		{28DB84F5-B3B7-4A11-9364-192B59D05734}.Debug|Any CPU.ActiveCfg = Debug|Any CPU
		{28DB84F5-B3B7-4A11-9364-192B59D05734}.Debug|Any CPU.Build.0 = Debug|Any CPU
		{28DB84F5-B3B7-4A11-9364-192B59D05734}.Release|Any CPU.ActiveCfg = Release|Any CPU
		{28DB84F5-B3B7-4A11-9364-192B59D05734}.Release|Any CPU.Build.0 = Release|Any CPU
		{32F46AF9-F001-481F-9E64-082C855DBA4C}.Debug|Any CPU.ActiveCfg = Debug|Any CPU
		{32F46AF9-F001-481F-9E64-082C855DBA4C}.Debug|Any CPU.Build.0 = Debug|Any CPU
		{32F46AF9-F001-481F-9E64-082C855DBA4C}.Debug|Any CPU.Deploy.0 = Debug|Any CPU
		{32F46AF9-F001-481F-9E64-082C855DBA4C}.Release|Any CPU.ActiveCfg = Release|Any CPU
		{32F46AF9-F001-481F-9E64-082C855DBA4C}.Release|Any CPU.Build.0 = Release|Any CPU
		{32F46AF9-F001-481F-9E64-082C855DBA4C}.Release|Any CPU.Deploy.0 = Release|Any CPU
	EndGlobalSection
	GlobalSection(SolutionProperties) = preSolution
		HideSolutionNode = FALSE
	EndGlobalSection
	GlobalSection(ExtensibilityGlobals) = postSolution
		SolutionGuid = {82E4E51D-CFC1-4CB9-95B7-6072ECDEC020}
	EndGlobalSection
EndGlobal
