
Microsoft Visual Studio Solution File, Format Version 12.00
# Visual Studio Version 17
VisualStudioVersion = 17.13.35931.197 d17.13
MinimumVisualStudioVersion = 10.0.40219.1
Project("{FAE04EC0-301F-11D3-BF4B-00C04F79EFBC}") = "Flashcards.glaxxie", "Flashcards.glaxxie\Flashcards.glaxxie.csproj", "{72789062-6443-4296-935E-5396E7257F75}"
EndProject
Global
	GlobalSection(SolutionConfigurationPlatforms) = preSolution
		Debug|Any CPU = Debug|Any CPU
		Release|Any CPU = Release|Any CPU
	EndGlobalSection
	GlobalSection(ProjectConfigurationPlatforms) = postSolution
		{72789062-6443-4296-935E-5396E7257F75}.Debug|Any CPU.ActiveCfg = Debug|Any CPU
		{72789062-6443-4296-935E-5396E7257F75}.Debug|Any CPU.Build.0 = Debug|Any CPU
		{72789062-6443-4296-935E-5396E7257F75}.Release|Any CPU.ActiveCfg = Release|Any CPU
		{72789062-6443-4296-935E-5396E7257F75}.Release|Any CPU.Build.0 = Release|Any CPU
	EndGlobalSection
	GlobalSection(SolutionProperties) = preSolution
		HideSolutionNode = FALSE
	EndGlobalSection
	GlobalSection(ExtensibilityGlobals) = postSolution
		SolutionGuid = {E86AFDEA-41FB-4BBB-A9DD-CB14A4402800}
	EndGlobalSection
EndGlobal
