
Microsoft Visual Studio Solution File, Format Version 12.00
# Visual Studio Version 17
VisualStudioVersion = 17.14.36127.28
MinimumVisualStudioVersion = 10.0.40219.1
Project("{FAE04EC0-301F-11D3-BF4B-00C04F79EFBC}") = "Flashcards.GoldRino456", "Flashcards.GoldRino456.csproj", "{C6096AD3-AD8C-4C9F-B612-EEE9A695A39E}"
EndProject
Project("{FAE04EC0-301F-11D3-BF4B-00C04F79EFBC}") = "Utilities.GoldRino456", "..\Utilities.GoldRino456\Utilities.GoldRino456.csproj", "{25368DB4-B4A9-4AF2-8492-48ECEB00C921}"
EndProject
Global
	GlobalSection(SolutionConfigurationPlatforms) = preSolution
		Debug|Any CPU = Debug|Any CPU
		Release|Any CPU = Release|Any CPU
	EndGlobalSection
	GlobalSection(ProjectConfigurationPlatforms) = postSolution
		{C6096AD3-AD8C-4C9F-B612-EEE9A695A39E}.Debug|Any CPU.ActiveCfg = Debug|Any CPU
		{C6096AD3-AD8C-4C9F-B612-EEE9A695A39E}.Debug|Any CPU.Build.0 = Debug|Any CPU
		{C6096AD3-AD8C-4C9F-B612-EEE9A695A39E}.Release|Any CPU.ActiveCfg = Release|Any CPU
		{C6096AD3-AD8C-4C9F-B612-EEE9A695A39E}.Release|Any CPU.Build.0 = Release|Any CPU
		{25368DB4-B4A9-4AF2-8492-48ECEB00C921}.Debug|Any CPU.ActiveCfg = Debug|Any CPU
		{25368DB4-B4A9-4AF2-8492-48ECEB00C921}.Debug|Any CPU.Build.0 = Debug|Any CPU
		{25368DB4-B4A9-4AF2-8492-48ECEB00C921}.Release|Any CPU.ActiveCfg = Release|Any CPU
		{25368DB4-B4A9-4AF2-8492-48ECEB00C921}.Release|Any CPU.Build.0 = Release|Any CPU
	EndGlobalSection
	GlobalSection(SolutionProperties) = preSolution
		HideSolutionNode = FALSE
	EndGlobalSection
	GlobalSection(ExtensibilityGlobals) = postSolution
		SolutionGuid = {CF4A100C-E793-4373-8905-CD77A4DD4377}
	EndGlobalSection
EndGlobal
