
Microsoft Visual Studio Solution File, Format Version 12.00
# Visual Studio Version 17
VisualStudioVersion = 17.10.34928.147
MinimumVisualStudioVersion = 10.0.40219.1
Project("{FAE04EC0-301F-11D3-BF4B-00C04F79EFBC}") = "Flashcards.jollejonas", "jollejonas.Flashcards\Flashcards.jollejonas.csproj", "{4A77EA65-DAC2-4C72-ABAD-9D9BA66EE38A}"
EndProject
Global
	GlobalSection(SolutionConfigurationPlatforms) = preSolution
		Debug|Any CPU = Debug|Any CPU
		Release|Any CPU = Release|Any CPU
	EndGlobalSection
	GlobalSection(ProjectConfigurationPlatforms) = postSolution
		{4A77EA65-DAC2-4C72-ABAD-9D9BA66EE38A}.Debug|Any CPU.ActiveCfg = Debug|Any CPU
		{4A77EA65-DAC2-4C72-ABAD-9D9BA66EE38A}.Debug|Any CPU.Build.0 = Debug|Any CPU
		{4A77EA65-DAC2-4C72-ABAD-9D9BA66EE38A}.Release|Any CPU.ActiveCfg = Release|Any CPU
		{4A77EA65-DAC2-4C72-ABAD-9D9BA66EE38A}.Release|Any CPU.Build.0 = Release|Any CPU
	EndGlobalSection
	GlobalSection(SolutionProperties) = preSolution
		HideSolutionNode = FALSE
	EndGlobalSection
	GlobalSection(ExtensibilityGlobals) = postSolution
		SolutionGuid = {D3121D65-862C-4602-A3F5-3059407671FD}
	EndGlobalSection
EndGlobal
