
Microsoft Visual Studio Solution File, Format Version 12.00
# Visual Studio Version 17
VisualStudioVersion = 17.1.32421.90
MinimumVisualStudioVersion = 10.0.40219.1
Project("{FAE04EC0-301F-11D3-BF4B-00C04F79EFBC}") = "FlashCard", "FlashCard\FlashCard.csproj", "{B49BF711-39FD-49A7-84E5-A02F4C4CC50C}"
EndProject
Global
	GlobalSection(SolutionConfigurationPlatforms) = preSolution
		Debug|Any CPU = Debug|Any CPU
		Release|Any CPU = Release|Any CPU
	EndGlobalSection
	GlobalSection(ProjectConfigurationPlatforms) = postSolution
		{B49BF711-39FD-49A7-84E5-A02F4C4CC50C}.Debug|Any CPU.ActiveCfg = Debug|Any CPU
		{B49BF711-39FD-49A7-84E5-A02F4C4CC50C}.Debug|Any CPU.Build.0 = Debug|Any CPU
		{B49BF711-39FD-49A7-84E5-A02F4C4CC50C}.Release|Any CPU.ActiveCfg = Release|Any CPU
		{B49BF711-39FD-49A7-84E5-A02F4C4CC50C}.Release|Any CPU.Build.0 = Release|Any CPU
	EndGlobalSection
	GlobalSection(SolutionProperties) = preSolution
		HideSolutionNode = FALSE
	EndGlobalSection
	GlobalSection(ExtensibilityGlobals) = postSolution
		SolutionGuid = {BB62B524-F88F-4C94-896A-1733655521EF}
	EndGlobalSection
EndGlobal
