
Microsoft Visual Studio Solution File, Format Version 12.00
# Visual Studio Version 17
VisualStudioVersion = 17.9.34714.143
MinimumVisualStudioVersion = 10.0.40219.1
Project("{FAE04EC0-301F-11D3-BF4B-00C04F79EFBC}") = "Flashcards.JaegerByte", "Flashcards.JaegerByte.csproj", "{A41A1CF4-4ABD-4C61-B98C-3E3BE2806114}"
EndProject
Global
	GlobalSection(SolutionConfigurationPlatforms) = preSolution
		Debug|Any CPU = Debug|Any CPU
		Release|Any CPU = Release|Any CPU
	EndGlobalSection
	GlobalSection(ProjectConfigurationPlatforms) = postSolution
		{A41A1CF4-4ABD-4C61-B98C-3E3BE2806114}.Debug|Any CPU.ActiveCfg = Debug|Any CPU
		{A41A1CF4-4ABD-4C61-B98C-3E3BE2806114}.Debug|Any CPU.Build.0 = Debug|Any CPU
		{A41A1CF4-4ABD-4C61-B98C-3E3BE2806114}.Release|Any CPU.ActiveCfg = Release|Any CPU
		{A41A1CF4-4ABD-4C61-B98C-3E3BE2806114}.Release|Any CPU.Build.0 = Release|Any CPU
	EndGlobalSection
	GlobalSection(SolutionProperties) = preSolution
		HideSolutionNode = FALSE
	EndGlobalSection
	GlobalSection(ExtensibilityGlobals) = postSolution
		SolutionGuid = {1EA4F200-8A7E-464B-BA0A-75731949C432}
	EndGlobalSection
EndGlobal
