
Microsoft Visual Studio Solution File, Format Version 12.00
# Visual Studio Version 17
VisualStudioVersion = 17.4.33213.308
MinimumVisualStudioVersion = 10.0.40219.1
Project("{FAE04EC0-301F-11D3-BF4B-00C04F79EFBC}") = "Lonchanick9427.FlashCard", "Lonchanick9427.FlashCard.csproj", "{BA7CABE2-2604-47D3-A52B-05B9E2689D5B}"
EndProject
Global
	GlobalSection(SolutionConfigurationPlatforms) = preSolution
		Debug|Any CPU = Debug|Any CPU
		Release|Any CPU = Release|Any CPU
	EndGlobalSection
	GlobalSection(ProjectConfigurationPlatforms) = postSolution
		{BA7CABE2-2604-47D3-A52B-05B9E2689D5B}.Debug|Any CPU.ActiveCfg = Debug|Any CPU
		{BA7CABE2-2604-47D3-A52B-05B9E2689D5B}.Debug|Any CPU.Build.0 = Debug|Any CPU
		{BA7CABE2-2604-47D3-A52B-05B9E2689D5B}.Release|Any CPU.ActiveCfg = Release|Any CPU
		{BA7CABE2-2604-47D3-A52B-05B9E2689D5B}.Release|Any CPU.Build.0 = Release|Any CPU
	EndGlobalSection
	GlobalSection(SolutionProperties) = preSolution
		HideSolutionNode = FALSE
	EndGlobalSection
	GlobalSection(ExtensibilityGlobals) = postSolution
		SolutionGuid = {32BDC917-F545-4758-8EDD-A45C41AB93E0}
	EndGlobalSection
EndGlobal
