
Microsoft Visual Studio Solution File, Format Version 12.00
# Visual Studio Version 17
VisualStudioVersion = 17.13.35818.85 d17.13
MinimumVisualStudioVersion = 10.0.40219.1
Project("{FAE04EC0-301F-11D3-BF4B-00C04F79EFBC}") = "Flashcards.selnoom", "Flashcards.selnoom\Flashcards.selnoom.csproj", "{C329C742-7785-40E0-861F-347EE9B94682}"
EndProject
Global
	GlobalSection(SolutionConfigurationPlatforms) = preSolution
		Debug|Any CPU = Debug|Any CPU
		Release|Any CPU = Release|Any CPU
	EndGlobalSection
	GlobalSection(ProjectConfigurationPlatforms) = postSolution
		{C329C742-7785-40E0-861F-347EE9B94682}.Debug|Any CPU.ActiveCfg = Debug|Any CPU
		{C329C742-7785-40E0-861F-347EE9B94682}.Debug|Any CPU.Build.0 = Debug|Any CPU
		{C329C742-7785-40E0-861F-347EE9B94682}.Release|Any CPU.ActiveCfg = Release|Any CPU
		{C329C742-7785-40E0-861F-347EE9B94682}.Release|Any CPU.Build.0 = Release|Any CPU
	EndGlobalSection
	GlobalSection(SolutionProperties) = preSolution
		HideSolutionNode = FALSE
	EndGlobalSection
	GlobalSection(ExtensibilityGlobals) = postSolution
		SolutionGuid = {AA481D90-4661-4C3A-AE13-9E94B602FB7C}
	EndGlobalSection
EndGlobal
