
Microsoft Visual Studio Solution File, Format Version 12.00
# Visual Studio Version 17
VisualStudioVersion = 17.5.33516.290
MinimumVisualStudioVersion = 10.0.40219.1
Project("{FAE04EC0-301F-11D3-BF4B-00C04F79EFBC}") = "sadklouds.FlashCards", "sadklouds.FlashCards\sadklouds.FlashCards.csproj", "{ADE281D5-04B3-404E-A559-EB6693479D21}"
EndProject
Project("{FAE04EC0-301F-11D3-BF4B-00C04F79EFBC}") = "FlashCardsLibrary", "FlashCardsLibrary\FlashCardsLibrary.csproj", "{B06EF73E-884D-4152-9A7F-EF25F2B7CAC1}"
EndProject
Global
	GlobalSection(SolutionConfigurationPlatforms) = preSolution
		Debug|Any CPU = Debug|Any CPU
		Release|Any CPU = Release|Any CPU
	EndGlobalSection
	GlobalSection(ProjectConfigurationPlatforms) = postSolution
		{ADE281D5-04B3-404E-A559-EB6693479D21}.Debug|Any CPU.ActiveCfg = Debug|Any CPU
		{ADE281D5-04B3-404E-A559-EB6693479D21}.Debug|Any CPU.Build.0 = Debug|Any CPU
		{ADE281D5-04B3-404E-A559-EB6693479D21}.Release|Any CPU.ActiveCfg = Release|Any CPU
		{ADE281D5-04B3-404E-A559-EB6693479D21}.Release|Any CPU.Build.0 = Release|Any CPU
		{B06EF73E-884D-4152-9A7F-EF25F2B7CAC1}.Debug|Any CPU.ActiveCfg = Debug|Any CPU
		{B06EF73E-884D-4152-9A7F-EF25F2B7CAC1}.Debug|Any CPU.Build.0 = Debug|Any CPU
		{B06EF73E-884D-4152-9A7F-EF25F2B7CAC1}.Release|Any CPU.ActiveCfg = Release|Any CPU
		{B06EF73E-884D-4152-9A7F-EF25F2B7CAC1}.Release|Any CPU.Build.0 = Release|Any CPU
	EndGlobalSection
	GlobalSection(SolutionProperties) = preSolution
		HideSolutionNode = FALSE
	EndGlobalSection
	GlobalSection(ExtensibilityGlobals) = postSolution
		SolutionGuid = {96870A44-3990-48D0-856F-32CF17D5AF24}
	EndGlobalSection
EndGlobal
