
Microsoft Visual Studio Solution File, Format Version 12.00
# Visual Studio Version 17
VisualStudioVersion = 17.4.33205.214
MinimumVisualStudioVersion = 10.0.40219.1
Project("{9A19103F-16F7-4668-BE54-9A1E7A4F7556}") = "FlashCardsProject", "ThePortugueseMan.FlashCards\FlashCardsProject.csproj", "{C557F9AB-20B8-426A-9AE2-2536C4356BF4}"
EndProject
Project("{9A19103F-16F7-4668-BE54-9A1E7A4F7556}") = "DbCommandsLibrary", "DbCommand\DbCommandsLibrary.csproj", "{95A66A07-7279-4AAA-89DC-A919D3C021E7}"
EndProject
Project("{9A19103F-16F7-4668-BE54-9A1E7A4F7556}") = "Screens", "Screens\Screens.csproj", "{032837BF-BA80-4223-ADD6-F0DB53E7AC6A}"
EndProject
Project("{9A19103F-16F7-4668-BE54-9A1E7A4F7556}") = "AskInputs", "AskInputs\AskInputs.csproj", "{73F0D39B-3F6D-443D-8698-A4D86A745727}"
EndProject
Project("{9A19103F-16F7-4668-BE54-9A1E7A4F7556}") = "SettingsLibrary", "SettingsLibrary\SettingsLibrary.csproj", "{A0C99B43-B1FC-432C-B396-0420BD1FA96F}"
EndProject
Project("{9A19103F-16F7-4668-BE54-9A1E7A4F7556}") = "ObjectsLibrary", "ObjectsLibrary\ObjectsLibrary.csproj", "{63CD0EA7-CEDE-4BB1-839E-ED12F103A208}"
EndProject
Global
	GlobalSection(SolutionConfigurationPlatforms) = preSolution
		Debug|Any CPU = Debug|Any CPU
		Release|Any CPU = Release|Any CPU
	EndGlobalSection
	GlobalSection(ProjectConfigurationPlatforms) = postSolution
		{C557F9AB-20B8-426A-9AE2-2536C4356BF4}.Debug|Any CPU.ActiveCfg = Debug|Any CPU
		{C557F9AB-20B8-426A-9AE2-2536C4356BF4}.Debug|Any CPU.Build.0 = Debug|Any CPU
		{C557F9AB-20B8-426A-9AE2-2536C4356BF4}.Release|Any CPU.ActiveCfg = Release|Any CPU
		{C557F9AB-20B8-426A-9AE2-2536C4356BF4}.Release|Any CPU.Build.0 = Release|Any CPU
		{95A66A07-7279-4AAA-89DC-A919D3C021E7}.Debug|Any CPU.ActiveCfg = Debug|Any CPU
		{95A66A07-7279-4AAA-89DC-A919D3C021E7}.Debug|Any CPU.Build.0 = Debug|Any CPU
		{95A66A07-7279-4AAA-89DC-A919D3C021E7}.Release|Any CPU.ActiveCfg = Release|Any CPU
		{95A66A07-7279-4AAA-89DC-A919D3C021E7}.Release|Any CPU.Build.0 = Release|Any CPU
		{032837BF-BA80-4223-ADD6-F0DB53E7AC6A}.Debug|Any CPU.ActiveCfg = Debug|Any CPU
		{032837BF-BA80-4223-ADD6-F0DB53E7AC6A}.Debug|Any CPU.Build.0 = Debug|Any CPU
		{032837BF-BA80-4223-ADD6-F0DB53E7AC6A}.Release|Any CPU.ActiveCfg = Release|Any CPU
		{032837BF-BA80-4223-ADD6-F0DB53E7AC6A}.Release|Any CPU.Build.0 = Release|Any CPU
		{73F0D39B-3F6D-443D-8698-A4D86A745727}.Debug|Any CPU.ActiveCfg = Debug|Any CPU
		{73F0D39B-3F6D-443D-8698-A4D86A745727}.Debug|Any CPU.Build.0 = Debug|Any CPU
		{73F0D39B-3F6D-443D-8698-A4D86A745727}.Release|Any CPU.ActiveCfg = Release|Any CPU
		{73F0D39B-3F6D-443D-8698-A4D86A745727}.Release|Any CPU.Build.0 = Release|Any CPU
		{A0C99B43-B1FC-432C-B396-0420BD1FA96F}.Debug|Any CPU.ActiveCfg = Debug|Any CPU
		{A0C99B43-B1FC-432C-B396-0420BD1FA96F}.Debug|Any CPU.Build.0 = Debug|Any CPU
		{A0C99B43-B1FC-432C-B396-0420BD1FA96F}.Release|Any CPU.ActiveCfg = Release|Any CPU
		{A0C99B43-B1FC-432C-B396-0420BD1FA96F}.Release|Any CPU.Build.0 = Release|Any CPU
		{63CD0EA7-CEDE-4BB1-839E-ED12F103A208}.Debug|Any CPU.ActiveCfg = Debug|Any CPU
		{63CD0EA7-CEDE-4BB1-839E-ED12F103A208}.Debug|Any CPU.Build.0 = Debug|Any CPU
		{63CD0EA7-CEDE-4BB1-839E-ED12F103A208}.Release|Any CPU.ActiveCfg = Release|Any CPU
		{63CD0EA7-CEDE-4BB1-839E-ED12F103A208}.Release|Any CPU.Build.0 = Release|Any CPU
	EndGlobalSection
	GlobalSection(SolutionProperties) = preSolution
		HideSolutionNode = FALSE
	EndGlobalSection
	GlobalSection(ExtensibilityGlobals) = postSolution
		SolutionGuid = {23838785-D761-40F7-B66F-C64A2F28BC03}
	EndGlobalSection
EndGlobal
