
Microsoft Visual Studio Solution File, Format Version 12.00
# Visual Studio Version 17
VisualStudioVersion = 17.10.35013.160
MinimumVisualStudioVersion = 10.0.40219.1
Project("{FAE04EC0-301F-11D3-BF4B-00C04F79EFBC}") = "Flashcards.ukpagrace", "Flashcards.ukpagrace\Flashcards.ukpagrace.csproj", "{4BD3A22B-8580-4FC5-B02C-B70E3FCC77C6}"
EndProject
Global
	GlobalSection(SolutionConfigurationPlatforms) = preSolution
		Debug|Any CPU = Debug|Any CPU
		Release|Any CPU = Release|Any CPU
	EndGlobalSection
	GlobalSection(ProjectConfigurationPlatforms) = postSolution
		{4BD3A22B-8580-4FC5-B02C-B70E3FCC77C6}.Debug|Any CPU.ActiveCfg = Debug|Any CPU
		{4BD3A22B-8580-4FC5-B02C-B70E3FCC77C6}.Debug|Any CPU.Build.0 = Debug|Any CPU
		{4BD3A22B-8580-4FC5-B02C-B70E3FCC77C6}.Release|Any CPU.ActiveCfg = Release|Any CPU
		{4BD3A22B-8580-4FC5-B02C-B70E3FCC77C6}.Release|Any CPU.Build.0 = Release|Any CPU
	EndGlobalSection
	GlobalSection(SolutionProperties) = preSolution
		HideSolutionNode = FALSE
	EndGlobalSection
	GlobalSection(ExtensibilityGlobals) = postSolution
		SolutionGuid = {3FD33905-7FD1-41A9-9104-570CE2AD1393}
	EndGlobalSection
EndGlobal
