
Microsoft Visual Studio Solution File, Format Version 12.00
Project("{FAE04EC0-301F-11D3-BF4B-00C04F79EFBC}") = "Flashcards.Eddyfadeev", "Flashcards.Eddyfadeev\Flashcards.Eddyfadeev.csproj", "{70EAB613-273B-41B5-9880-E51C3445829B}"
EndProject
Global
	GlobalSection(SolutionConfigurationPlatforms) = preSolution
		Debug|Any CPU = Debug|Any CPU
		Release|Any CPU = Release|Any CPU
	EndGlobalSection
	GlobalSection(ProjectConfigurationPlatforms) = postSolution
		{70EAB613-273B-41B5-9880-E51C3445829B}.Debug|Any CPU.ActiveCfg = Debug|Any CPU
		{70EAB613-273B-41B5-9880-E51C3445829B}.Debug|Any CPU.Build.0 = Debug|Any CPU
		{70EAB613-273B-41B5-9880-E51C3445829B}.Release|Any CPU.ActiveCfg = Release|Any CPU
		{70EAB613-273B-41B5-9880-E51C3445829B}.Release|Any CPU.Build.0 = Release|Any CPU
	EndGlobalSection
EndGlobal
