
Microsoft Visual Studio Solution File, Format Version 12.00
Project("{FAE04EC0-301F-11D3-BF4B-00C04F79EFBC}") = "Flashcards", "Flashcards\Flashcards.csproj", "{999060C6-5BBF-4675-81CB-3458D3BF4840}"
EndProject
Global
	GlobalSection(SolutionConfigurationPlatforms) = preSolution
		Debug|Any CPU = Debug|Any CPU
		Release|Any CPU = Release|Any CPU
	EndGlobalSection
	GlobalSection(ProjectConfigurationPlatforms) = postSolution
		{999060C6-5BBF-4675-81CB-3458D3BF4840}.Debug|Any CPU.ActiveCfg = Debug|Any CPU
		{999060C6-5BBF-4675-81CB-3458D3BF4840}.Debug|Any CPU.Build.0 = Debug|Any CPU
		{999060C6-5BBF-4675-81CB-3458D3BF4840}.Release|Any CPU.ActiveCfg = Release|Any CPU
		{999060C6-5BBF-4675-81CB-3458D3BF4840}.Release|Any CPU.Build.0 = Release|Any CPU
	EndGlobalSection
EndGlobal
