
Microsoft Visual Studio Solution File, Format Version 12.00
Project("{FAE04EC0-301F-11D3-BF4B-00C04F79EFBC}") = "Flashcards.wkktoria", "Flashcards.wkktoria\Flashcards.wkktoria.csproj", "{22F6E122-2230-4E9C-BA5E-112858A5DDAE}"
EndProject
Global
	GlobalSection(SolutionConfigurationPlatforms) = preSolution
		Debug|Any CPU = Debug|Any CPU
		Release|Any CPU = Release|Any CPU
	EndGlobalSection
	GlobalSection(ProjectConfigurationPlatforms) = postSolution
		{22F6E122-2230-4E9C-BA5E-112858A5DDAE}.Debug|Any CPU.ActiveCfg = Debug|Any CPU
		{22F6E122-2230-4E9C-BA5E-112858A5DDAE}.Debug|Any CPU.Build.0 = Debug|Any CPU
		{22F6E122-2230-4E9C-BA5E-112858A5DDAE}.Release|Any CPU.ActiveCfg = Release|Any CPU
		{22F6E122-2230-4E9C-BA5E-112858A5DDAE}.Release|Any CPU.Build.0 = Release|Any CPU
	EndGlobalSection
EndGlobal
