
Microsoft Visual Studio Solution File, Format Version 12.00
# Visual Studio Version 17
VisualStudioVersion = 17.10.35027.167
MinimumVisualStudioVersion = 10.0.40219.1
Project("{9A19103F-16F7-4668-BE54-9A1E7A4F7556}") = "Flashcards", "Flashcards\Flashcards.csproj", "{EE64DAC1-771D-4204-AF97-2AC3D686D55C}"
EndProject
Project("{FAE04EC0-301F-11D3-BF4B-00C04F79EFBC}") = "Model", "Model\Model.csproj", "{8906265E-11A6-4F03-A310-9A5A34AA8B94}"
EndProject
Project("{FAE04EC0-301F-11D3-BF4B-00C04F79EFBC}") = "DataAccess", "DataAccess\DataAccess.csproj", "{32B6C4EF-383B-4865-9A2B-C593C6B1C48D}"
EndProject
Global
	GlobalSection(SolutionConfigurationPlatforms) = preSolution
		Debug|Any CPU = Debug|Any CPU
		Release|Any CPU = Release|Any CPU
	EndGlobalSection
	GlobalSection(ProjectConfigurationPlatforms) = postSolution
		{EE64DAC1-771D-4204-AF97-2AC3D686D55C}.Debug|Any CPU.ActiveCfg = Debug|Any CPU
		{EE64DAC1-771D-4204-AF97-2AC3D686D55C}.Debug|Any CPU.Build.0 = Debug|Any CPU
		{EE64DAC1-771D-4204-AF97-2AC3D686D55C}.Release|Any CPU.ActiveCfg = Release|Any CPU
		{EE64DAC1-771D-4204-AF97-2AC3D686D55C}.Release|Any CPU.Build.0 = Release|Any CPU
		{8906265E-11A6-4F03-A310-9A5A34AA8B94}.Debug|Any CPU.ActiveCfg = Debug|Any CPU
		{8906265E-11A6-4F03-A310-9A5A34AA8B94}.Debug|Any CPU.Build.0 = Debug|Any CPU
		{8906265E-11A6-4F03-A310-9A5A34AA8B94}.Release|Any CPU.ActiveCfg = Release|Any CPU
		{8906265E-11A6-4F03-A310-9A5A34AA8B94}.Release|Any CPU.Build.0 = Release|Any CPU
		{32B6C4EF-383B-4865-9A2B-C593C6B1C48D}.Debug|Any CPU.ActiveCfg = Debug|Any CPU
		{32B6C4EF-383B-4865-9A2B-C593C6B1C48D}.Debug|Any CPU.Build.0 = Debug|Any CPU
		{32B6C4EF-383B-4865-9A2B-C593C6B1C48D}.Release|Any CPU.ActiveCfg = Release|Any CPU
		{32B6C4EF-383B-4865-9A2B-C593C6B1C48D}.Release|Any CPU.Build.0 = Release|Any CPU
	EndGlobalSection
	GlobalSection(SolutionProperties) = preSolution
		HideSolutionNode = FALSE
	EndGlobalSection
	GlobalSection(ExtensibilityGlobals) = postSolution
		SolutionGuid = {D5E5B281-7727-4EF8-994C-750C808198F7}
	EndGlobalSection
EndGlobal
