
Microsoft Visual Studio Solution File, Format Version 12.00
Project("{FAE04EC0-301F-11D3-BF4B-00C04F79EFBC}") = "Flashcards.Mateusz-Platek", "Flashcards.Mateusz-Platek\Flashcards.Mateusz-Platek.csproj", "{6EF9E228-7061-4477-91C9-D7F9FC8FEF36}"
EndProject
Global
	GlobalSection(SolutionConfigurationPlatforms) = preSolution
		Debug|Any CPU = Debug|Any CPU
		Release|Any CPU = Release|Any CPU
	EndGlobalSection
	GlobalSection(ProjectConfigurationPlatforms) = postSolution
		{6EF9E228-7061-4477-91C9-D7F9FC8FEF36}.Debug|Any CPU.ActiveCfg = Debug|Any CPU
		{6EF9E228-7061-4477-91C9-D7F9FC8FEF36}.Debug|Any CPU.Build.0 = Debug|Any CPU
		{6EF9E228-7061-4477-91C9-D7F9FC8FEF36}.Release|Any CPU.ActiveCfg = Release|Any CPU
		{6EF9E228-7061-4477-91C9-D7F9FC8FEF36}.Release|Any CPU.Build.0 = Release|Any CPU
	EndGlobalSection
EndGlobal
