
Microsoft Visual Studio Solution File, Format Version 12.00
# Visual Studio Version 17
VisualStudioVersion = 17.11.35312.102
MinimumVisualStudioVersion = 10.0.40219.1
Project("{FAE04EC0-301F-11D3-BF4B-00C04F79EFBC}") = "Flashcards.empty-codes", "Flashcards.empty-codes.csproj", "{FA56328B-88FC-4717-B3BD-32A806B7FBBA}"
EndProject
Global
	GlobalSection(SolutionConfigurationPlatforms) = preSolution
		Debug|Any CPU = Debug|Any CPU
		Release|Any CPU = Release|Any CPU
	EndGlobalSection
	GlobalSection(ProjectConfigurationPlatforms) = postSolution
		{FA56328B-88FC-4717-B3BD-32A806B7FBBA}.Debug|Any CPU.ActiveCfg = Debug|Any CPU
		{FA56328B-88FC-4717-B3BD-32A806B7FBBA}.Debug|Any CPU.Build.0 = Debug|Any CPU
		{FA56328B-88FC-4717-B3BD-32A806B7FBBA}.Release|Any CPU.ActiveCfg = Release|Any CPU
		{FA56328B-88FC-4717-B3BD-32A806B7FBBA}.Release|Any CPU.Build.0 = Release|Any CPU
	EndGlobalSection
	GlobalSection(SolutionProperties) = preSolution
		HideSolutionNode = FALSE
	EndGlobalSection
	GlobalSection(ExtensibilityGlobals) = postSolution
		SolutionGuid = {C1357898-6CA3-4C63-8AE3-50AC0F2A6A51}
	EndGlobalSection
EndGlobal
