
Microsoft Visual Studio Solution File, Format Version 12.00
# Visual Studio Version 17
VisualStudioVersion = 17.9.34607.119
MinimumVisualStudioVersion = 10.0.40219.1
Project("{FAE04EC0-301F-11D3-BF4B-00C04F79EFBC}") = "flashcards.Fennikko", "flashcards.Fennikko\flashcards.Fennikko.csproj", "{5E9EB61E-6E35-491C-9EBE-CC2FEA429201}"
EndProject
Global
	GlobalSection(SolutionConfigurationPlatforms) = preSolution
		Debug|Any CPU = Debug|Any CPU
		Release|Any CPU = Release|Any CPU
	EndGlobalSection
	GlobalSection(ProjectConfigurationPlatforms) = postSolution
		{5E9EB61E-6E35-491C-9EBE-CC2FEA429201}.Debug|Any CPU.ActiveCfg = Debug|Any CPU
		{5E9EB61E-6E35-491C-9EBE-CC2FEA429201}.Debug|Any CPU.Build.0 = Debug|Any CPU
		{5E9EB61E-6E35-491C-9EBE-CC2FEA429201}.Release|Any CPU.ActiveCfg = Release|Any CPU
		{5E9EB61E-6E35-491C-9EBE-CC2FEA429201}.Release|Any CPU.Build.0 = Release|Any CPU
	EndGlobalSection
	GlobalSection(SolutionProperties) = preSolution
		HideSolutionNode = FALSE
	EndGlobalSection
	GlobalSection(ExtensibilityGlobals) = postSolution
		SolutionGuid = {2EF0E121-CAC3-42ED-A866-ED61F75546DD}
	EndGlobalSection
EndGlobal
