
Microsoft Visual Studio Solution File, Format Version 12.00
# Visual Studio Version 17
VisualStudioVersion = 17.9.34622.214
MinimumVisualStudioVersion = 10.0.40219.1
Project("{FAE04EC0-301F-11D3-BF4B-00C04F79EFBC}") = "FlashCards.HopelessCoding", "FlashCards.HopelessCoding\FlashCards.HopelessCoding.csproj", "{01AB4093-8D82-4D6A-85D7-6C2D4DE93E8E}"
EndProject
Global
	GlobalSection(SolutionConfigurationPlatforms) = preSolution
		Debug|Any CPU = Debug|Any CPU
		Release|Any CPU = Release|Any CPU
	EndGlobalSection
	GlobalSection(ProjectConfigurationPlatforms) = postSolution
		{01AB4093-8D82-4D6A-85D7-6C2D4DE93E8E}.Debug|Any CPU.ActiveCfg = Debug|Any CPU
		{01AB4093-8D82-4D6A-85D7-6C2D4DE93E8E}.Debug|Any CPU.Build.0 = Debug|Any CPU
		{01AB4093-8D82-4D6A-85D7-6C2D4DE93E8E}.Release|Any CPU.ActiveCfg = Release|Any CPU
		{01AB4093-8D82-4D6A-85D7-6C2D4DE93E8E}.Release|Any CPU.Build.0 = Release|Any CPU
	EndGlobalSection
	GlobalSection(SolutionProperties) = preSolution
		HideSolutionNode = FALSE
	EndGlobalSection
	GlobalSection(ExtensibilityGlobals) = postSolution
		SolutionGuid = {8705FFA0-79EF-4618-8C3D-7596895F894A}
	EndGlobalSection
EndGlobal
