
Microsoft Visual Studio Solution File, Format Version 12.00
# Visual Studio Version 17
VisualStudioVersion = 17.10.35013.160
MinimumVisualStudioVersion = 10.0.40219.1
Project("{FAE04EC0-301F-11D3-BF4B-00C04F79EFBC}") = "Flashcards", "Flashcards\Flashcards.csproj", "{877403B4-DB99-4ABC-A5BB-2C1F5AD55EBB}"
EndProject
Global
	GlobalSection(SolutionConfigurationPlatforms) = preSolution
		Debug|Any CPU = Debug|Any CPU
		Release|Any CPU = Release|Any CPU
	EndGlobalSection
	GlobalSection(ProjectConfigurationPlatforms) = postSolution
		{877403B4-DB99-4ABC-A5BB-2C1F5AD55EBB}.Debug|Any CPU.ActiveCfg = Debug|Any CPU
		{877403B4-DB99-4ABC-A5BB-2C1F5AD55EBB}.Debug|Any CPU.Build.0 = Debug|Any CPU
		{877403B4-DB99-4ABC-A5BB-2C1F5AD55EBB}.Release|Any CPU.ActiveCfg = Release|Any CPU
		{877403B4-DB99-4ABC-A5BB-2C1F5AD55EBB}.Release|Any CPU.Build.0 = Release|Any CPU
	EndGlobalSection
	GlobalSection(SolutionProperties) = preSolution
		HideSolutionNode = FALSE
	EndGlobalSection
	GlobalSection(ExtensibilityGlobals) = postSolution
		SolutionGuid = {F6FA65F9-A874-494A-B4AE-6F401AB1EDB4}
	EndGlobalSection
EndGlobal
